
Microsoft Visual Studio Solution File, Format Version 12.00
# Visual Studio Version 17
VisualStudioVersion = 17.13.36105.23
MinimumVisualStudioVersion = 10.0.40219.1
Project("{FAE04EC0-301F-11D3-BF4B-00C04F79EFBC}") = "RecipePlatform.DAL", "RecipePlatform.DAL\RecipePlatform.DAL.csproj", "{18350D6B-7901-4518-997C-236AD9298F96}"
EndProject
Project("{FAE04EC0-301F-11D3-BF4B-00C04F79EFBC}") = "RecipePlatform.PL", "RecipePlatform.PL\RecipePlatform.PL.csproj", "{BB005EE2-B861-4D4B-B1B5-B4809F219E17}"
EndProject
Project("{FAE04EC0-301F-11D3-BF4B-00C04F79EFBC}") = "RecipePlatform.BLL", "RecipePlatform.BLL\RecipePlatform.BLL.csproj", "{BB81A882-4CFB-42A7-98A6-70B802AAC304}"
EndProject
Project("{FAE04EC0-301F-11D3-BF4B-00C04F79EFBC}") = "RecipePlatform.MVC", "RecipePlatform.MVC\RecipePlatform.MVC.csproj", "{0C307763-D6D1-4EC7-B805-42CFFF57DD03}"
EndProject
Project("{FAE04EC0-301F-11D3-BF4B-00C04F79EFBC}") = "RecipePlatform.API", "RecipePlatform.API\RecipePlatform.API.csproj", "{A5651268-51A8-45BD-8DA1-B12780B9C273}"
EndProject
Global
	GlobalSection(SolutionConfigurationPlatforms) = preSolution
		Debug|Any CPU = Debug|Any CPU
		Release|Any CPU = Release|Any CPU
	EndGlobalSection
	GlobalSection(ProjectConfigurationPlatforms) = postSolution
		{18350D6B-7901-4518-997C-236AD9298F96}.Debug|Any CPU.ActiveCfg = Debug|Any CPU
		{18350D6B-7901-4518-997C-236AD9298F96}.Debug|Any CPU.Build.0 = Debug|Any CPU
		{18350D6B-7901-4518-997C-236AD9298F96}.Release|Any CPU.ActiveCfg = Release|Any CPU
		{18350D6B-7901-4518-997C-236AD9298F96}.Release|Any CPU.Build.0 = Release|Any CPU
		{BB005EE2-B861-4D4B-B1B5-B4809F219E17}.Debug|Any CPU.ActiveCfg = Debug|Any CPU
		{BB005EE2-B861-4D4B-B1B5-B4809F219E17}.Debug|Any CPU.Build.0 = Debug|Any CPU
		{BB005EE2-B861-4D4B-B1B5-B4809F219E17}.Release|Any CPU.ActiveCfg = Release|Any CPU
		{BB005EE2-B861-4D4B-B1B5-B4809F219E17}.Release|Any CPU.Build.0 = Release|Any CPU
		{BB81A882-4CFB-42A7-98A6-70B802AAC304}.Debug|Any CPU.ActiveCfg = Debug|Any CPU
		{BB81A882-4CFB-42A7-98A6-70B802AAC304}.Debug|Any CPU.Build.0 = Debug|Any CPU
		{BB81A882-4CFB-42A7-98A6-70B802AAC304}.Release|Any CPU.ActiveCfg = Release|Any CPU
		{BB81A882-4CFB-42A7-98A6-70B802AAC304}.Release|Any CPU.Build.0 = Release|Any CPU
		{0C307763-D6D1-4EC7-B805-42CFFF57DD03}.Debug|Any CPU.ActiveCfg = Debug|Any CPU
		{0C307763-D6D1-4EC7-B805-42CFFF57DD03}.Debug|Any CPU.Build.0 = Debug|Any CPU
		{0C307763-D6D1-4EC7-B805-42CFFF57DD03}.Release|Any CPU.ActiveCfg = Release|Any CPU
		{0C307763-D6D1-4EC7-B805-42CFFF57DD03}.Release|Any CPU.Build.0 = Release|Any CPU
		{A5651268-51A8-45BD-8DA1-B12780B9C273}.Debug|Any CPU.ActiveCfg = Debug|Any CPU
		{A5651268-51A8-45BD-8DA1-B12780B9C273}.Debug|Any CPU.Build.0 = Debug|Any CPU
		{A5651268-51A8-45BD-8DA1-B12780B9C273}.Release|Any CPU.ActiveCfg = Release|Any CPU
		{A5651268-51A8-45BD-8DA1-B12780B9C273}.Release|Any CPU.Build.0 = Release|Any CPU
	EndGlobalSection
	GlobalSection(SolutionProperties) = preSolution
		HideSolutionNode = FALSE
	EndGlobalSection
	GlobalSection(ExtensibilityGlobals) = postSolution
		SolutionGuid = {49ACD63C-9C58-4924-840F-1C762CD60AB4}
	EndGlobalSection
EndGlobal
